
Microsoft Visual Studio Solution File, Format Version 12.00
# Visual Studio 15
VisualStudioVersion = 15.0.27428.2037
MinimumVisualStudioVersion = 10.0.40219.1
Project("{FAE04EC0-301F-11D3-BF4B-00C04F79EFBC}") = "Zadanie8_PawełCygan", "Zadanie8_PawełCygan\Zadanie8_PawełCygan.csproj", "{3B55B0B0-DDF5-48F0-B6FE-62630521D82C}"
EndProject
Global
	GlobalSection(SolutionConfigurationPlatforms) = preSolution
		Debug|Any CPU = Debug|Any CPU
		Release|Any CPU = Release|Any CPU
	EndGlobalSection
	GlobalSection(ProjectConfigurationPlatforms) = postSolution
		{3B55B0B0-DDF5-48F0-B6FE-62630521D82C}.Debug|Any CPU.ActiveCfg = Debug|Any CPU
		{3B55B0B0-DDF5-48F0-B6FE-62630521D82C}.Debug|Any CPU.Build.0 = Debug|Any CPU
		{3B55B0B0-DDF5-48F0-B6FE-62630521D82C}.Release|Any CPU.ActiveCfg = Release|Any CPU
		{3B55B0B0-DDF5-48F0-B6FE-62630521D82C}.Release|Any CPU.Build.0 = Release|Any CPU
	EndGlobalSection
	GlobalSection(SolutionProperties) = preSolution
		HideSolutionNode = FALSE
	EndGlobalSection
	GlobalSection(ExtensibilityGlobals) = postSolution
		SolutionGuid = {CF69B65B-264F-4BD1-9E7B-B65721BB3C7B}
	EndGlobalSection
EndGlobal
